
Microsoft Visual Studio Solution File, Format Version 12.00
# Visual Studio Version 16
VisualStudioVersion = 16.0.30002.166
MinimumVisualStudioVersion = 10.0.40219.1
Project("{8BC9CEB8-8B4A-11D0-8D11-00A0C91BC942}") = "Jadette", "src\Jadette.vcxproj", "{692ACC05-C0E9-452A-9D9F-205E35667EE8}"
EndProject
Global
	GlobalSection(SolutionConfigurationPlatforms) = preSolution
		Debug|x64 = Debug|x64
		Debug|x86 = Debug|x86
		Minimal|x64 = Minimal|x64
		Minimal|x86 = Minimal|x86
		Release|x64 = Release|x64
		Release|x86 = Release|x86
	EndGlobalSection
	GlobalSection(ProjectConfigurationPlatforms) = postSolution
		{692ACC05-C0E9-452A-9D9F-205E35667EE8}.Debug|x64.ActiveCfg = Debug|x64
		{692ACC05-C0E9-452A-9D9F-205E35667EE8}.Debug|x64.Build.0 = Debug|x64
		{692ACC05-C0E9-452A-9D9F-205E35667EE8}.Debug|x86.ActiveCfg = Debug|Win32
		{692ACC05-C0E9-452A-9D9F-205E35667EE8}.Debug|x86.Build.0 = Debug|Win32
		{692ACC05-C0E9-452A-9D9F-205E35667EE8}.Minimal|x64.ActiveCfg = Minimal|x64
		{692ACC05-C0E9-452A-9D9F-205E35667EE8}.Minimal|x64.Build.0 = Minimal|x64
		{692ACC05-C0E9-452A-9D9F-205E35667EE8}.Minimal|x86.ActiveCfg = Minimal|Win32
		{692ACC05-C0E9-452A-9D9F-205E35667EE8}.Minimal|x86.Build.0 = Minimal|Win32
		{692ACC05-C0E9-452A-9D9F-205E35667EE8}.Release|x64.ActiveCfg = Release|x64
		{692ACC05-C0E9-452A-9D9F-205E35667EE8}.Release|x64.Build.0 = Release|x64
		{692ACC05-C0E9-452A-9D9F-205E35667EE8}.Release|x86.ActiveCfg = Release|Win32
		{692ACC05-C0E9-452A-9D9F-205E35667EE8}.Release|x86.Build.0 = Release|Win32
	EndGlobalSection
	GlobalSection(SolutionProperties) = preSolution
		HideSolutionNode = FALSE
	EndGlobalSection
	GlobalSection(ExtensibilityGlobals) = postSolution
		SolutionGuid = {A33E204E-E17C-4DB8-A070-6F534EBD618A}
	EndGlobalSection
EndGlobal
